
Microsoft Visual Studio Solution File, Format Version 12.00
# Visual Studio Version 17
VisualStudioVersion = 17.0.31903.59
MinimumVisualStudioVersion = 10.0.40219.1
Project("{FAE04EC0-301F-11D3-BF4B-00C04F79EFBC}") = "AspireTest.CLI", "AspireTest.CLI\AspireTest.CLI.csproj", "{940C0CA3-866B-4382-980A-E93DBF90A193}"
EndProject
Project("{FAE04EC0-301F-11D3-BF4B-00C04F79EFBC}") = "AspireTest.AppHost", "AspireTest.AppHost\AspireTest.AppHost.csproj", "{582D34E3-6BE4-4909-AEB2-1142B300E011}"
EndProject
Global
	GlobalSection(SolutionConfigurationPlatforms) = preSolution
		Debug|Any CPU = Debug|Any CPU
		Release|Any CPU = Release|Any CPU
	EndGlobalSection
	GlobalSection(SolutionProperties) = preSolution
		HideSolutionNode = FALSE
	EndGlobalSection
	GlobalSection(ProjectConfigurationPlatforms) = postSolution
		{940C0CA3-866B-4382-980A-E93DBF90A193}.Debug|Any CPU.ActiveCfg = Debug|Any CPU
		{940C0CA3-866B-4382-980A-E93DBF90A193}.Debug|Any CPU.Build.0 = Debug|Any CPU
		{940C0CA3-866B-4382-980A-E93DBF90A193}.Release|Any CPU.ActiveCfg = Release|Any CPU
		{940C0CA3-866B-4382-980A-E93DBF90A193}.Release|Any CPU.Build.0 = Release|Any CPU
		{582D34E3-6BE4-4909-AEB2-1142B300E011}.Debug|Any CPU.ActiveCfg = Debug|Any CPU
		{582D34E3-6BE4-4909-AEB2-1142B300E011}.Debug|Any CPU.Build.0 = Debug|Any CPU
		{582D34E3-6BE4-4909-AEB2-1142B300E011}.Release|Any CPU.ActiveCfg = Release|Any CPU
		{582D34E3-6BE4-4909-AEB2-1142B300E011}.Release|Any CPU.Build.0 = Release|Any CPU
	EndGlobalSection
EndGlobal
